#MicroXplorer Configuration settings - do not modify
CAD.formats=
CAD.pinconfig=
CAD.provider=
File.Version=6
GPIO.groupedBy=Group By Peripherals
KeepUserPlacement=false
MMTAppRegionsCount=0
MMTConfigApplied=false
MMTSectionSuffix=
Mcu.CPN=STM32WB09KEV6TR
Mcu.Family=STM32WB0
Mcu.IP0=ADV_TRACE
Mcu.IP1=COMMON_BLE
Mcu.IP10=RADIO_TIMER
Mcu.IP11=RCC
Mcu.IP12=RNG
Mcu.IP13=SEQUENCER
Mcu.IP14=STM32_BLE
Mcu.IP15=SYS
Mcu.IP16=TIM17
Mcu.IP17=TINY_LPM
Mcu.IP18=USART1
Mcu.IP2=CORTEX_M0+
Mcu.IP3=DEBUG
Mcu.IP4=MEMORYMAP
Mcu.IP5=MISC
Mcu.IP6=NVIC
Mcu.IP7=PKA
Mcu.IP8=PWR
Mcu.IP9=RADIO
Mcu.IPNb=19
Mcu.Name=STM32WB09KEVx
Mcu.Package=VFQFPN32
Mcu.Pin0=PB3
Mcu.Pin1=PB0
Mcu.Pin10=OSCIN
Mcu.Pin11=PB15
Mcu.Pin12=PB13
Mcu.Pin13=PB12
Mcu.Pin14=PB7
Mcu.Pin15=PB6
Mcu.Pin16=VP_ADV_TRACE_VS_ADV_TRACE
Mcu.Pin17=VP_COMMON_BLE_VS_Utility_Common_BLE_1.0.0_1.0.0
Mcu.Pin18=VP_MISC_VS_MISC
Mcu.Pin19=VP_PKA_VS_PKA
Mcu.Pin2=PA3
Mcu.Pin20=VP_PWR_VS_SECSignals
Mcu.Pin21=VP_RADIO_TIMER_VS_RADIO
Mcu.Pin22=VP_RNG_VS_RNG
Mcu.Pin23=VP_SEQUENCER_VS_SEQUENCER
Mcu.Pin24=VP_STM32_BLE_VS_BLE_HOST_SP
Mcu.Pin25=VP_SYS_VS_Systick
Mcu.Pin26=VP_TIM17_VS_ClockSourceINT
Mcu.Pin27=VP_TINY_LPM_VS_TINY_LPM
Mcu.Pin28=VP_MEMORYMAP_VS_MEMORYMAP
Mcu.Pin3=PA2
Mcu.Pin4=PA1
Mcu.Pin5=PA8
Mcu.Pin6=PA9
Mcu.Pin7=PA11
Mcu.Pin8=RF1
Mcu.Pin9=OSCOUT
Mcu.PinsNb=29
Mcu.ThirdPartyNb=0
Mcu.UserConstants=
Mcu.UserName=STM32WB09KEVx
MxCube.Version=6.17.0
MxDb.Version=DB.6.0.170
NVIC.ForceEnableDMAVector=true
NVIC.HardFault_IRQn=true\:0\:0\:false\:false\:true\:false\:false\:false
NVIC.NonMaskableInt_IRQn=true\:0\:0\:false\:false\:true\:false\:false\:false
NVIC.PKA_IRQn=true\:1\:0\:false\:false\:true\:true\:true\:true
NVIC.PendSV_IRQn=true\:0\:0\:false\:false\:true\:false\:false\:false
NVIC.RADIO_RRM_IRQn=true\:0\:0\:false\:false\:true\:false\:true\:true
NVIC.RADIO_TIMER_CPU_WKUP_IRQn=true\:0\:0\:false\:false\:true\:false\:true\:true
NVIC.RADIO_TIMER_ERROR_IRQn=true\:0\:0\:false\:false\:true\:false\:true\:true
NVIC.RADIO_TXRX_IRQn=true\:0\:0\:false\:false\:true\:false\:true\:true
NVIC.RADIO_TXRX_SEQ_IRQn=true\:0\:0\:false\:false\:true\:false\:true\:true
NVIC.SVCall_IRQn=true\:0\:0\:false\:false\:true\:false\:false\:false
NVIC.SysTick_IRQn=true\:3\:0\:false\:false\:true\:false\:true\:false
OSCIN.Mode=HSE-External-Oscillator
OSCIN.Signal=RCC_OSC_IN
OSCOUT.Mode=HSE-External-Oscillator
OSCOUT.Signal=RCC_OSC_OUT
PA1.Mode=Asynchronous
PA1.Signal=USART1_TX
PA11.GPIOParameters=GPIO_Label
PA11.GPIO_Label=HX711_DATA4
PA11.Locked=true
PA11.Signal=GPIO_Input
PA2.Mode=Serial_Wire
PA2.Signal=DEBUG_SWDIO
PA3.Mode=Serial_Wire
PA3.Signal=DEBUG_SWCLK
PA8.GPIOParameters=GPIO_Label
PA8.GPIO_Label=HX711_DATA3
PA8.Locked=true
PA8.Signal=GPIO_Input
PA9.Locked=true
PA9.Signal=S_TIM17_CH1
PB0.Mode=Asynchronous
PB0.Signal=USART1_RX
PB12.Mode=LSE-External-Oscillator
PB12.Signal=RCC_OSC32_OUT
PB13.Mode=LSE-External-Oscillator
PB13.Signal=RCC_OSC32_IN
PB15.GPIOParameters=GPIO_Label
PB15.GPIO_Label=HX711_DATA5
PB15.Locked=true
PB15.Signal=GPIO_Input
PB3.GPIOParameters=GPIO_Label
PB3.GPIO_Label=HX711_DATA2
PB3.Locked=true
PB3.Signal=GPIO_Input
PB6.GPIOParameters=GPIO_Label
PB6.GPIO_Label=HX711_DATA1
PB6.Locked=true
PB6.Signal=GPIO_Input
PB7.GPIOParameters=GPIO_Label
PB7.GPIO_Label=HX711_SCK
PB7.Locked=true
PB7.Signal=GPIO_Output
PCC.Checker=false
PCC.Display=Plot\: All Steps
PCC.Line=STM32WBx9
PCC.MCU=STM32WB09KEVx
PCC.PartNumber=STM32WB09KEVx
PCC.Series=STM32WB0
PCC.Temperature=25
PCC.Vdd=3.3
PinOutPanel.RotationAngle=0
ProjectManager.AskForMigrate=true
ProjectManager.BackupPrevious=false
ProjectManager.CompilerLinker=GCC
ProjectManager.CompilerOptimize=6
ProjectManager.ComputerToolchain=false
ProjectManager.CoupleFile=false
ProjectManager.CustomerFirmwarePackage=
ProjectManager.DefaultFWLocation=true
ProjectManager.DeletePrevious=true
ProjectManager.DeviceId=STM32WB09KEVx
ProjectManager.FirmwarePackage=STM32Cube FW_WB0 V1.4.1
ProjectManager.FreePins=false
ProjectManager.FreePinsContext=
ProjectManager.HalAssertFull=false
ProjectManager.HeapSize=0x000
ProjectManager.KeepUserCode=true
ProjectManager.LastFirmware=true
ProjectManager.LibraryCopy=1
ProjectManager.MainLocation=Core/Src
ProjectManager.NoMain=false
ProjectManager.PreviousToolchain=STM32CubeIDE
ProjectManager.ProjectBuild=false
ProjectManager.ProjectFileName=Cella_Carico.ioc
ProjectManager.ProjectName=Cella_Carico
ProjectManager.ProjectStructure=
ProjectManager.RegisterCallBack=
ProjectManager.StackSize=0xC00
ProjectManager.TargetToolchain=STM32CubeIDE
ProjectManager.ToolChainLocation=
ProjectManager.UAScriptAfterPath=
ProjectManager.UAScriptBeforePath=
ProjectManager.UnderRoot=true
ProjectManager.functionlistsort=1-SystemClock_Config-RCC-false-HAL-false,2-MX_GPIO_Init-GPIO-false-HAL-true,3-MX_USART1_UART_Init-USART1-false-HAL-true,4-MX_TIM17_Init-TIM17-false-HAL-true,5-MX_RNG_Init-RNG-false-HAL-true,6-MX_RADIO_Init-RADIO-false-HAL-true,7-MX_RADIO_TIMER_Init-RADIO_TIMER-false-HAL-true,8-MX_PKA_Init-PKA-false-HAL-true,9-APPE_Init-STM32_BLE-false-HAL-false,0-MX_CORTEX_M0+_Init-CORTEX_M0+-false-HAL-true,0-MX_PWR_Init-PWR-false-HAL-true
RCC.BLEFreq_VALUE=32000000
RCC.CLKI2S3Freq_VALUE=64000000
RCC.CLKSYSFreq_VALUE=32000000
RCC.ClkSMPSFreq_VALUE=4000000
RCC.FamilyName=M
RCC.HSE_VALUE=32000000
RCC.HSI_VALUE=64000000
RCC.IPParameters=BLEFreq_VALUE,CLKI2S3Freq_VALUE,CLKSYSFreq_VALUE,ClkSMPSFreq_VALUE,FamilyName,HSE_VALUE,HSI_VALUE,LPUARTFreq_VALUE,LSCOPinFreq_Value,LSI_VALUE,MCO1PinFreq_Value,RC64MPLLSource,RTCClockSelection,RTCFreq_Value,SYSCLK64Divider,SysCLKFreq_VALUE
RCC.LPUARTFreq_VALUE=16000000
RCC.LSCOPinFreq_Value=32000
RCC.LSI_VALUE=32000
RCC.MCO1PinFreq_Value=32000000
RCC.RC64MPLLSource=RCC_LSCOSOURCE_PLL64
RCC.RTCClockSelection=RCC_RTC_WDG_BLEWKUP_CLKSOURCE_LSE
RCC.RTCFreq_Value=32768
RCC.SYSCLK64Divider=RCC_RC64MPLL_DIV2
RCC.SysCLKFreq_VALUE=64000000
RF1.Mode=RF1_Activate
RF1.Signal=RADIO_RF1
SH.S_TIM17_CH1.0=TIM17_CH1,PWM Generation1 CH1
SH.S_TIM17_CH1.ConfNb=1
STM32_BLE.ADV_TRACE_TIMESTAMP_ENABLE=0
STM32_BLE.BSP.number=1
STM32_BLE.CFG_DEBUG_APP_ADV_TRACE=1
STM32_BLE.CFG_DEBUG_APP_TRACE=1
STM32_BLE.CFG_LSCLK_LSE=1
STM32_BLE.IPParameters=CFG_LSCLK_LSE,NUMBER_OF_SERVICES,CFG_DEBUG_APP_TRACE,CFG_DEBUG_APP_ADV_TRACE,ADV_TRACE_TIMESTAMP_ENABLE,SERVICE1_LONG_NAME,SERVICE1_SHORT_NAME,SERVICE1_UUID_128_INPUT_TYPE,SERVICE1_UUID,SERVICE1_NUMBER_OF_CHARACTERISTICS,SERVICE1_CHAR1_UUID_128_INPUT_TYPE,SERVICE1_CHAR1_UUID,SERVICE1_CHAR1_LONG_NAME,SERVICE1_CHAR1_SHORT_NAME,SERVICE1_CHAR1_VALUE_LENGTH,SERVICE1_CHAR2_UUID_128_INPUT_TYPE,SERVICE1_CHAR2_UUID,SERVICE1_CHAR2_LONG_NAME,SERVICE1_CHAR2_SHORT_NAME,SERVICE1_CHAR2_VALUE_LENGTH,SERVICE1_CHAR3_UUID_128_INPUT_TYPE,SERVICE1_CHAR3_UUID,SERVICE1_CHAR3_LONG_NAME,SERVICE1_CHAR3_SHORT_NAME,SERVICE1_CHAR1_PROP_NOTIFY,SERVICE1_CHAR2_PROP_READ,SERVICE1_CHAR2_PROP_WRITE,SERVICE1_CHAR3_PROP_WRITE
STM32_BLE.NUMBER_OF_SERVICES=1
STM32_BLE.SERVICE1_CHAR1_LONG_NAME=Coins
STM32_BLE.SERVICE1_CHAR1_PROP_NOTIFY=BLE_GATT_SRV_CHAR_PROP_NOTIFY
STM32_BLE.SERVICE1_CHAR1_SHORT_NAME=Coins
STM32_BLE.SERVICE1_CHAR1_UUID=12 34 56 78 12 34 56 78 12 34 56 78 9A BC DE F1
STM32_BLE.SERVICE1_CHAR1_UUID_128_INPUT_TYPE=1
STM32_BLE.SERVICE1_CHAR1_VALUE_LENGTH=5
STM32_BLE.SERVICE1_CHAR2_LONG_NAME=limit
STM32_BLE.SERVICE1_CHAR2_PROP_READ=BLE_GATT_SRV_CHAR_PROP_READ
STM32_BLE.SERVICE1_CHAR2_PROP_WRITE=BLE_GATT_SRV_CHAR_PROP_WRITE
STM32_BLE.SERVICE1_CHAR2_SHORT_NAME=limit
STM32_BLE.SERVICE1_CHAR2_UUID=12 34 56 78 12 34 56 78 12 34 56 78 9A BC DE F2
STM32_BLE.SERVICE1_CHAR2_UUID_128_INPUT_TYPE=1
STM32_BLE.SERVICE1_CHAR2_VALUE_LENGTH=4
STM32_BLE.SERVICE1_LONG_NAME=PiggyBank
STM32_BLE.SERVICE1_NUMBER_OF_CHARACTERISTICS=2
STM32_BLE.SERVICE1_SHORT_NAME=PiggyBank
STM32_BLE.SERVICE1_UUID=12 34 56 78 12 34 56 78 12 34 56 78 9A BC DE F0
STM32_BLE.SERVICE1_UUID_128_INPUT_TYPE=1
STM32_BLE0.BSP.STBoard=false
STM32_BLE0.BSP.api=Unknown
STM32_BLE0.BSP.component=
STM32_BLE0.BSP.condition=
STM32_BLE0.BSP.instance=USART1
STM32_BLE0.BSP.ip=(LPU|US)ART
STM32_BLE0.BSP.mode=Asynchronous
STM32_BLE0.BSP.name=Serial Link for Traces
STM32_BLE0.BSP.semaphore=
STM32_BLE0.BSP.solution=USART1
TIM17.Channel=TIM_CHANNEL_1
TIM17.IPParameters=Channel,Prescaler,Period
TIM17.Period=19999
TIM17.Prescaler=63
USART1.IPParameters=VirtualMode-Asynchronous
USART1.VirtualMode-Asynchronous=VM_ASYNC
VP_ADV_TRACE_VS_ADV_TRACE.Mode=ADV_TRACE_Enabled
VP_ADV_TRACE_VS_ADV_TRACE.Signal=ADV_TRACE_VS_ADV_TRACE
VP_COMMON_BLE_VS_Utility_Common_BLE_1.0.0_1.0.0.Mode=Utility_Common
VP_COMMON_BLE_VS_Utility_Common_BLE_1.0.0_1.0.0.Signal=COMMON_BLE_VS_Utility_Common_BLE_1.0.0_1.0.0
VP_MEMORYMAP_VS_MEMORYMAP.Mode=CurAppReg
VP_MEMORYMAP_VS_MEMORYMAP.Signal=MEMORYMAP_VS_MEMORYMAP
VP_MISC_VS_MISC.Mode=MISC_Enabled
VP_MISC_VS_MISC.Signal=MISC_VS_MISC
VP_PKA_VS_PKA.Mode=PKA_Activate
VP_PKA_VS_PKA.Signal=PKA_VS_PKA
VP_PWR_VS_SECSignals.Mode=Security/Privilege
VP_PWR_VS_SECSignals.Signal=PWR_VS_SECSignals
VP_RADIO_TIMER_VS_RADIO.Mode=RADIO_Activate
VP_RADIO_TIMER_VS_RADIO.Signal=RADIO_TIMER_VS_RADIO
VP_RNG_VS_RNG.Mode=RNG_Activate
VP_RNG_VS_RNG.Signal=RNG_VS_RNG
VP_SEQUENCER_VS_SEQUENCER.Mode=SEQUENCER_Enabled
VP_SEQUENCER_VS_SEQUENCER.Signal=SEQUENCER_VS_SEQUENCER
VP_STM32_BLE_VS_BLE_HOST_SP.Mode=BLE_Server
VP_STM32_BLE_VS_BLE_HOST_SP.Signal=STM32_BLE_VS_BLE_HOST_SP
VP_SYS_VS_Systick.Mode=SysTick
VP_SYS_VS_Systick.Signal=SYS_VS_Systick
VP_TIM17_VS_ClockSourceINT.Mode=Enable_Timer
VP_TIM17_VS_ClockSourceINT.Signal=TIM17_VS_ClockSourceINT
VP_TINY_LPM_VS_TINY_LPM.Mode=TINY_LPM_Enabled
VP_TINY_LPM_VS_TINY_LPM.Signal=TINY_LPM_VS_TINY_LPM
board=custom
